
Microsoft Visual Studio Solution File, Format Version 12.00
# Visual Studio Version 17
VisualStudioVersion = 17.1.32319.34
MinimumVisualStudioVersion = 10.0.40219.1
Project("{9A19103F-16F7-4668-BE54-9A1E7A4F7556}") = "ProEventos.API", "ProEventos.API\ProEventos.API.csproj", "{2CFC0759-3BDF-4446-B38E-17728D535E3B}"
EndProject
Project("{FAE04EC0-301F-11D3-BF4B-00C04F79EFBC}") = "ProEventos.Application", "ProEventos.Application\ProEventos.Application.csproj", "{5456B58B-D828-4456-80BE-00D75ABE5B22}"
EndProject
Project("{FAE04EC0-301F-11D3-BF4B-00C04F79EFBC}") = "ProEventos.Domain", "ProEventos.Domain\ProEventos.Domain.csproj", "{177C3130-3BDE-4E31-839A-CE76A5C08131}"
EndProject
Project("{FAE04EC0-301F-11D3-BF4B-00C04F79EFBC}") = "ProEventos.Persistence", "ProEventos.Persistence\ProEventos.Persistence.csproj", "{0A84EF00-2E1F-42FC-A2A4-CDC761E74B05}"
EndProject
Global
	GlobalSection(SolutionConfigurationPlatforms) = preSolution
		Debug|Any CPU = Debug|Any CPU
		Release|Any CPU = Release|Any CPU
	EndGlobalSection
	GlobalSection(ProjectConfigurationPlatforms) = postSolution
		{2CFC0759-3BDF-4446-B38E-17728D535E3B}.Debug|Any CPU.ActiveCfg = Debug|Any CPU
		{2CFC0759-3BDF-4446-B38E-17728D535E3B}.Debug|Any CPU.Build.0 = Debug|Any CPU
		{2CFC0759-3BDF-4446-B38E-17728D535E3B}.Release|Any CPU.ActiveCfg = Release|Any CPU
		{2CFC0759-3BDF-4446-B38E-17728D535E3B}.Release|Any CPU.Build.0 = Release|Any CPU
		{5456B58B-D828-4456-80BE-00D75ABE5B22}.Debug|Any CPU.ActiveCfg = Debug|Any CPU
		{5456B58B-D828-4456-80BE-00D75ABE5B22}.Debug|Any CPU.Build.0 = Debug|Any CPU
		{5456B58B-D828-4456-80BE-00D75ABE5B22}.Release|Any CPU.ActiveCfg = Release|Any CPU
		{5456B58B-D828-4456-80BE-00D75ABE5B22}.Release|Any CPU.Build.0 = Release|Any CPU
		{177C3130-3BDE-4E31-839A-CE76A5C08131}.Debug|Any CPU.ActiveCfg = Debug|Any CPU
		{177C3130-3BDE-4E31-839A-CE76A5C08131}.Debug|Any CPU.Build.0 = Debug|Any CPU
		{177C3130-3BDE-4E31-839A-CE76A5C08131}.Release|Any CPU.ActiveCfg = Release|Any CPU
		{177C3130-3BDE-4E31-839A-CE76A5C08131}.Release|Any CPU.Build.0 = Release|Any CPU
		{0A84EF00-2E1F-42FC-A2A4-CDC761E74B05}.Debug|Any CPU.ActiveCfg = Debug|Any CPU
		{0A84EF00-2E1F-42FC-A2A4-CDC761E74B05}.Debug|Any CPU.Build.0 = Debug|Any CPU
		{0A84EF00-2E1F-42FC-A2A4-CDC761E74B05}.Release|Any CPU.ActiveCfg = Release|Any CPU
		{0A84EF00-2E1F-42FC-A2A4-CDC761E74B05}.Release|Any CPU.Build.0 = Release|Any CPU
	EndGlobalSection
	GlobalSection(SolutionProperties) = preSolution
		HideSolutionNode = FALSE
	EndGlobalSection
	GlobalSection(ExtensibilityGlobals) = postSolution
		SolutionGuid = {9AC48AD1-2673-43F3-BA58-1FF34FCD1C89}
	EndGlobalSection
EndGlobal
